
Microsoft Visual Studio Solution File, Format Version 12.00
# Visual Studio 15
VisualStudioVersion = 15.0.27004.2006
MinimumVisualStudioVersion = 10.0.40219.1
Project("{54435603-DBB4-11D2-8724-00A0C9A8B90C}") = "Setup", "Setup\Setup.vdproj", "{F24359C8-EC74-45DD-8C64-58213225546E}"
EndProject
Global
	GlobalSection(SolutionConfigurationPlatforms) = preSolution
		Debug|Default = Debug|Default
		Release|Default = Release|Default
	EndGlobalSection
	GlobalSection(ProjectConfigurationPlatforms) = postSolution
		{F24359C8-EC74-45DD-8C64-58213225546E}.Debug|Default.ActiveCfg = Debug
		{F24359C8-EC74-45DD-8C64-58213225546E}.Debug|Default.Build.0 = Debug
		{F24359C8-EC74-45DD-8C64-58213225546E}.Release|Default.ActiveCfg = Release
		{F24359C8-EC74-45DD-8C64-58213225546E}.Release|Default.Build.0 = Release
	EndGlobalSection
	GlobalSection(SolutionProperties) = preSolution
		HideSolutionNode = FALSE
	EndGlobalSection
	GlobalSection(ExtensibilityGlobals) = postSolution
		SolutionGuid = {CAEAB5F9-27E7-4CEA-A389-A25A0D7BD68D}
	EndGlobalSection
EndGlobal
